
Microsoft Visual Studio Solution File, Format Version 12.00
# Visual Studio Version 16
VisualStudioVersion = 16.0.30804.86
MinimumVisualStudioVersion = 10.0.40219.1
Project("{8BC9CEB8-8B4A-11D0-8D11-00A0C91BC942}") = "Drone", "Drone\Drone.vcxproj", "{FAC625FC-2F12-413D-9288-1D81BFB4AA31}"
EndProject
Project("{8BC9CEB8-8B4A-11D0-8D11-00A0C91BC942}") = "DLL_Test", "..\DLL_Test\DLL_Test\DLL_Test.vcxproj", "{339384F9-24E5-4372-B905-AF328C922E49}"
EndProject
Project("{888888A0-9F3D-457C-B088-3A5042F75D52}") = "BAC", "..\BAC\BAC\BAC.pyproj", "{B51436CE-E6D8-4242-AACF-7DEF581E6DC5}"
EndProject
Global
	GlobalSection(SolutionConfigurationPlatforms) = preSolution
		Debug|Any CPU = Debug|Any CPU
		Debug|x64 = Debug|x64
		Debug|x86 = Debug|x86
		Release|Any CPU = Release|Any CPU
		Release|x64 = Release|x64
		Release|x86 = Release|x86
	EndGlobalSection
	GlobalSection(ProjectConfigurationPlatforms) = postSolution
		{FAC625FC-2F12-413D-9288-1D81BFB4AA31}.Debug|Any CPU.ActiveCfg = Debug|Win32
		{FAC625FC-2F12-413D-9288-1D81BFB4AA31}.Debug|x64.ActiveCfg = Debug|x64
		{FAC625FC-2F12-413D-9288-1D81BFB4AA31}.Debug|x64.Build.0 = Debug|x64
		{FAC625FC-2F12-413D-9288-1D81BFB4AA31}.Debug|x86.ActiveCfg = Debug|Win32
		{FAC625FC-2F12-413D-9288-1D81BFB4AA31}.Debug|x86.Build.0 = Debug|Win32
		{FAC625FC-2F12-413D-9288-1D81BFB4AA31}.Release|Any CPU.ActiveCfg = Release|Win32
		{FAC625FC-2F12-413D-9288-1D81BFB4AA31}.Release|x64.ActiveCfg = Release|x64
		{FAC625FC-2F12-413D-9288-1D81BFB4AA31}.Release|x64.Build.0 = Release|x64
		{FAC625FC-2F12-413D-9288-1D81BFB4AA31}.Release|x86.ActiveCfg = Release|Win32
		{FAC625FC-2F12-413D-9288-1D81BFB4AA31}.Release|x86.Build.0 = Release|Win32
		{339384F9-24E5-4372-B905-AF328C922E49}.Debug|Any CPU.ActiveCfg = Debug|Win32
		{339384F9-24E5-4372-B905-AF328C922E49}.Debug|x64.ActiveCfg = Debug|x64
		{339384F9-24E5-4372-B905-AF328C922E49}.Debug|x64.Build.0 = Debug|x64
		{339384F9-24E5-4372-B905-AF328C922E49}.Debug|x86.ActiveCfg = Debug|Win32
		{339384F9-24E5-4372-B905-AF328C922E49}.Debug|x86.Build.0 = Debug|Win32
		{339384F9-24E5-4372-B905-AF328C922E49}.Release|Any CPU.ActiveCfg = Release|Win32
		{339384F9-24E5-4372-B905-AF328C922E49}.Release|x64.ActiveCfg = Release|x64
		{339384F9-24E5-4372-B905-AF328C922E49}.Release|x64.Build.0 = Release|x64
		{339384F9-24E5-4372-B905-AF328C922E49}.Release|x86.ActiveCfg = Release|Win32
		{339384F9-24E5-4372-B905-AF328C922E49}.Release|x86.Build.0 = Release|Win32
		{B51436CE-E6D8-4242-AACF-7DEF581E6DC5}.Debug|Any CPU.ActiveCfg = Debug|Any CPU
		{B51436CE-E6D8-4242-AACF-7DEF581E6DC5}.Debug|x64.ActiveCfg = Debug|Any CPU
		{B51436CE-E6D8-4242-AACF-7DEF581E6DC5}.Debug|x86.ActiveCfg = Debug|Any CPU
		{B51436CE-E6D8-4242-AACF-7DEF581E6DC5}.Release|Any CPU.ActiveCfg = Release|Any CPU
		{B51436CE-E6D8-4242-AACF-7DEF581E6DC5}.Release|x64.ActiveCfg = Release|Any CPU
		{B51436CE-E6D8-4242-AACF-7DEF581E6DC5}.Release|x86.ActiveCfg = Release|Any CPU
	EndGlobalSection
	GlobalSection(SolutionProperties) = preSolution
		HideSolutionNode = FALSE
	EndGlobalSection
	GlobalSection(ExtensibilityGlobals) = postSolution
		SolutionGuid = {92DDBC7A-DE49-42A5-965C-E85F95A95E60}
	EndGlobalSection
EndGlobal
